PODS:
  - AFNetworking (3.2.1):
    - AFNetworking/NSURLSession (= 3.2.1)
    - AFNetworking/Reachability (= 3.2.1)
    - AFNetworking/Security (= 3.2.1)
    - AFNetworking/Serialization (= 3.2.1)
    - AFNetworking/UIKit (= 3.2.1)
  - AFNetworking/NSURLSession (3.2.1):
    - AFNetworking/Reachability
    - AFNetworking/Security
    - AFNetworking/Serialization
  - AFNetworking/Reachability (3.2.1)
  - AFNetworking/Security (3.2.1)
  - AFNetworking/Serialization (3.2.1)
  - AFNetworking/UIKit (3.2.1):
    - AFNetworking/NSURLSession
  - DZNEmptyDataSet (1.8.1)
  - FORScrollViewEmptyAssistant (1.2.2):
    - DZNEmptyDataSet (= 1.8.1)
  - JAnalytics (1.2.1):
    - JCore (~> 1.2.0)
  - JCore (1.2.0)
  - KSPhotoBrowser (0.1.6):
    - YYWebImage (~> 1.0.5)
  - MJExtension (3.0.15)
  - MJRefresh (3.1.15.3)
  - Reachability (3.2)
  - SDAutoLayout (2.2.0)
  - SDCycleScrollView (1.75):
    - SDWebImage (>= 4.0.0)
  - SDWebImage (4.4.1):
    - SDWebImage/Core (= 4.4.1)
  - SDWebImage/Core (4.4.1)
  - Toast (4.0.0)
  - YYCache (1.0.4)
  - YYImage (1.0.4):
    - YYImage/Core (= 1.0.4)
  - YYImage/Core (1.0.4)
  - YYWebImage (1.0.5):
    - YYCache
    - YYImage

DEPENDENCIES:
  - AFNetworking
  - FORScrollViewEmptyAssistant
  - JAnalytics
  - KSPhotoBrowser
  - MJExtension
  - MJRefresh
  - Reachability
  - SDAutoLayout
  - SDCycleScrollView
  - Toast

SPEC REPOS:
  https://github.com/cocoapods/specs.git:
    - AFNetworking
    - DZNEmptyDataSet
    - FORScrollViewEmptyAssistant
    - JAnalytics
    - JCore
    - KSPhotoBrowser
    - MJExtension
    - MJRefresh
    - Reachability
    - SDAutoLayout
    - SDCycleScrollView
    - SDWebImage
    - Toast
    - YYCache
    - YYImage
    - YYWebImage

SPEC CHECKSUMS:
  AFNetworking: b6f891fdfaed196b46c7a83cf209e09697b94057
  DZNEmptyDataSet: 9525833b9e68ac21c30253e1d3d7076cc828eaa7
  FORScrollViewEmptyAssistant: ede93d2bd9926dff6f2364d40047505a0d334158
  JAnalytics: a65f716b383ad470aacd63a7af1984746cc3e06f
  JCore: b52e3dd73625eec70afd1244bb9c41038aa06087
  KSPhotoBrowser: 6955ac1847676a2a5f2d6bf8b6b39ee567c37e0e
  MJExtension: 3f039575db1b135a20699ad298713b26acec1528
  MJRefresh: b48380ae2b927b46c4ef000de9adb8dc748e1df7
  Reachability: 33e18b67625424e47b6cde6d202dce689ad7af96
  SDAutoLayout: c5509e77ae75735d9a39f7bc83dba6d3f75d49d8
  SDCycleScrollView: 884b88f0266dd4708a0e1934975c69cb971707b1
  SDWebImage: 47e9b5b925cbce75946c23f0c42dd19464189af4
  Toast: 91b396c56ee72a5790816f40d3a94dd357abc196
  YYCache: 8105b6638f5e849296c71f331ff83891a4942952
  YYImage: 1e1b62a9997399593e4b9c4ecfbbabbf1d3f3b54
  YYWebImage: 5f7f36aee2ae293f016d418c7d6ba05c4863e928

PODFILE CHECKSUM: 9015ba5a60089a9b2cbf9dac11d004d3081e596b

COCOAPODS: 1.5.3
